
Microsoft Visual Studio Solution File, Format Version 12.00
# Visual Studio Version 17
VisualStudioVersion = 17.13.35919.96
MinimumVisualStudioVersion = 10.0.40219.1
Project("{FAE04EC0-301F-11D3-BF4B-00C04F79EFBC}") = "SuperMarket.Domain", "src\SuperMarket.Domain\SuperMarket.Domain.csproj", "{3F428E9E-680F-4ACD-B45E-83FE48772C5A}"
EndProject
Project("{2150E333-8FDC-42A3-9474-1A3956D46DE8}") = "src", "src", "{02EA681E-C7D8-13C7-8484-4AC65E1B71E8}"
EndProject
Project("{FAE04EC0-301F-11D3-BF4B-00C04F79EFBC}") = "SuperMarket.Application", "src\SuperMarket.Application\SuperMarket.Application.csproj", "{B3A0ACCD-8FEA-49ED-9B1D-6C1C200F983E}"
EndProject
Project("{FAE04EC0-301F-11D3-BF4B-00C04F79EFBC}") = "SuperMarket.Infrastructure", "src\SuperMarket.Infrastructure\SuperMarket.Infrastructure.csproj", "{E7803E71-E95A-4E1F-8E4D-6820D3AEE8D9}"
EndProject
Project("{FAE04EC0-301F-11D3-BF4B-00C04F79EFBC}") = "SuperMarket.API", "src\SuperMarket.API\SuperMarket.API.csproj", "{2CCB5B8D-47CA-445B-AB50-7335796F268F}"
EndProject
Project("{2150E333-8FDC-42A3-9474-1A3956D46DE8}") = "tests", "tests", "{731335CB-B822-42D0-B697-79D986351660}"
EndProject
Project("{FAE04EC0-301F-11D3-BF4B-00C04F79EFBC}") = "SuperMarket.UnitTests", "tests\SuperMarket.UnitTests\SuperMarket.UnitTests.csproj", "{09D64CE8-E2FD-48A9-B3AF-A7A164391E23}"
EndProject
Project("{FAE04EC0-301F-11D3-BF4B-00C04F79EFBC}") = "SuperMarket.IntegrationTests", "tests\SuperMarket.IntegrationTests\SuperMarket.IntegrationTests.csproj", "{2EBDA431-AC82-418A-BD67-BDCFD0947786}"
EndProject
Global
	GlobalSection(SolutionConfigurationPlatforms) = preSolution
		Debug|Any CPU = Debug|Any CPU
		Release|Any CPU = Release|Any CPU
	EndGlobalSection
	GlobalSection(ProjectConfigurationPlatforms) = postSolution
		{3F428E9E-680F-4ACD-B45E-83FE48772C5A}.Debug|Any CPU.ActiveCfg = Debug|Any CPU
		{3F428E9E-680F-4ACD-B45E-83FE48772C5A}.Debug|Any CPU.Build.0 = Debug|Any CPU
		{3F428E9E-680F-4ACD-B45E-83FE48772C5A}.Release|Any CPU.ActiveCfg = Release|Any CPU
		{3F428E9E-680F-4ACD-B45E-83FE48772C5A}.Release|Any CPU.Build.0 = Release|Any CPU
		{B3A0ACCD-8FEA-49ED-9B1D-6C1C200F983E}.Debug|Any CPU.ActiveCfg = Debug|Any CPU
		{B3A0ACCD-8FEA-49ED-9B1D-6C1C200F983E}.Debug|Any CPU.Build.0 = Debug|Any CPU
		{B3A0ACCD-8FEA-49ED-9B1D-6C1C200F983E}.Release|Any CPU.ActiveCfg = Release|Any CPU
		{B3A0ACCD-8FEA-49ED-9B1D-6C1C200F983E}.Release|Any CPU.Build.0 = Release|Any CPU
		{E7803E71-E95A-4E1F-8E4D-6820D3AEE8D9}.Debug|Any CPU.ActiveCfg = Debug|Any CPU
		{E7803E71-E95A-4E1F-8E4D-6820D3AEE8D9}.Debug|Any CPU.Build.0 = Debug|Any CPU
		{E7803E71-E95A-4E1F-8E4D-6820D3AEE8D9}.Release|Any CPU.ActiveCfg = Release|Any CPU
		{E7803E71-E95A-4E1F-8E4D-6820D3AEE8D9}.Release|Any CPU.Build.0 = Release|Any CPU
		{2CCB5B8D-47CA-445B-AB50-7335796F268F}.Debug|Any CPU.ActiveCfg = Debug|Any CPU
		{2CCB5B8D-47CA-445B-AB50-7335796F268F}.Debug|Any CPU.Build.0 = Debug|Any CPU
		{2CCB5B8D-47CA-445B-AB50-7335796F268F}.Release|Any CPU.ActiveCfg = Release|Any CPU
		{2CCB5B8D-47CA-445B-AB50-7335796F268F}.Release|Any CPU.Build.0 = Release|Any CPU
		{09D64CE8-E2FD-48A9-B3AF-A7A164391E23}.Debug|Any CPU.ActiveCfg = Debug|Any CPU
		{09D64CE8-E2FD-48A9-B3AF-A7A164391E23}.Debug|Any CPU.Build.0 = Debug|Any CPU
		{09D64CE8-E2FD-48A9-B3AF-A7A164391E23}.Release|Any CPU.ActiveCfg = Release|Any CPU
		{09D64CE8-E2FD-48A9-B3AF-A7A164391E23}.Release|Any CPU.Build.0 = Release|Any CPU
		{2EBDA431-AC82-418A-BD67-BDCFD0947786}.Debug|Any CPU.ActiveCfg = Debug|Any CPU
		{2EBDA431-AC82-418A-BD67-BDCFD0947786}.Debug|Any CPU.Build.0 = Debug|Any CPU
		{2EBDA431-AC82-418A-BD67-BDCFD0947786}.Release|Any CPU.ActiveCfg = Release|Any CPU
		{2EBDA431-AC82-418A-BD67-BDCFD0947786}.Release|Any CPU.Build.0 = Release|Any CPU
	EndGlobalSection
	GlobalSection(SolutionProperties) = preSolution
		HideSolutionNode = FALSE
	EndGlobalSection
	GlobalSection(NestedProjects) = preSolution
		{3F428E9E-680F-4ACD-B45E-83FE48772C5A} = {02EA681E-C7D8-13C7-8484-4AC65E1B71E8}
		{B3A0ACCD-8FEA-49ED-9B1D-6C1C200F983E} = {02EA681E-C7D8-13C7-8484-4AC65E1B71E8}
		{E7803E71-E95A-4E1F-8E4D-6820D3AEE8D9} = {02EA681E-C7D8-13C7-8484-4AC65E1B71E8}
		{2CCB5B8D-47CA-445B-AB50-7335796F268F} = {02EA681E-C7D8-13C7-8484-4AC65E1B71E8}
		{09D64CE8-E2FD-48A9-B3AF-A7A164391E23} = {731335CB-B822-42D0-B697-79D986351660}
		{2EBDA431-AC82-418A-BD67-BDCFD0947786} = {731335CB-B822-42D0-B697-79D986351660}
	EndGlobalSection
	GlobalSection(ExtensibilityGlobals) = postSolution
		SolutionGuid = {3B51D791-B541-4C3D-B695-26D3F0A3347A}
	EndGlobalSection
EndGlobal
